
Microsoft Visual Studio Solution File, Format Version 12.00
# Visual Studio Version 16
VisualStudioVersion = 16.0.29911.84
MinimumVisualStudioVersion = 10.0.40219.1
Project("{FAE04EC0-301F-11D3-BF4B-00C04F79EFBC}") = "productos", "productos\productos.csproj", "{04CF932B-417D-45EE-BC9F-F34FDB196C30}"
EndProject
Global
	GlobalSection(SolutionConfigurationPlatforms) = preSolution
		Debug|Any CPU = Debug|Any CPU
		Release|Any CPU = Release|Any CPU
	EndGlobalSection
	GlobalSection(ProjectConfigurationPlatforms) = postSolution
		{04CF932B-417D-45EE-BC9F-F34FDB196C30}.Debug|Any CPU.ActiveCfg = Debug|Any CPU
		{04CF932B-417D-45EE-BC9F-F34FDB196C30}.Debug|Any CPU.Build.0 = Debug|Any CPU
		{04CF932B-417D-45EE-BC9F-F34FDB196C30}.Release|Any CPU.ActiveCfg = Release|Any CPU
		{04CF932B-417D-45EE-BC9F-F34FDB196C30}.Release|Any CPU.Build.0 = Release|Any CPU
	EndGlobalSection
	GlobalSection(SolutionProperties) = preSolution
		HideSolutionNode = FALSE
	EndGlobalSection
	GlobalSection(ExtensibilityGlobals) = postSolution
		SolutionGuid = {E319F9DF-53D1-4CBA-8199-9FAAC8447463}
	EndGlobalSection
EndGlobal
